
Microsoft Visual Studio Solution File, Format Version 12.00
# Visual Studio Version 17
VisualStudioVersion = 17.9.34723.18
MinimumVisualStudioVersion = 10.0.40219.1
Project("{9A19103F-16F7-4668-BE54-9A1E7A4F7556}") = "DataProcessor", "DataProcessor\DataProcessor.csproj", "{313D833C-FD77-4612-995A-7066F32217C1}"
EndProject
Project("{FAE04EC0-301F-11D3-BF4B-00C04F79EFBC}") = "Excercise", "Excercise\Excercise.csproj", "{646D55CD-0440-4941-841E-C2627DDBCFA2}"
EndProject
Global
	GlobalSection(SolutionConfigurationPlatforms) = preSolution
		Debug|Any CPU = Debug|Any CPU
		Release|Any CPU = Release|Any CPU
	EndGlobalSection
	GlobalSection(ProjectConfigurationPlatforms) = postSolution
		{313D833C-FD77-4612-995A-7066F32217C1}.Debug|Any CPU.ActiveCfg = Debug|Any CPU
		{313D833C-FD77-4612-995A-7066F32217C1}.Debug|Any CPU.Build.0 = Debug|Any CPU
		{313D833C-FD77-4612-995A-7066F32217C1}.Release|Any CPU.ActiveCfg = Release|Any CPU
		{313D833C-FD77-4612-995A-7066F32217C1}.Release|Any CPU.Build.0 = Release|Any CPU
		{646D55CD-0440-4941-841E-C2627DDBCFA2}.Debug|Any CPU.ActiveCfg = Debug|Any CPU
		{646D55CD-0440-4941-841E-C2627DDBCFA2}.Debug|Any CPU.Build.0 = Debug|Any CPU
		{646D55CD-0440-4941-841E-C2627DDBCFA2}.Release|Any CPU.ActiveCfg = Release|Any CPU
		{646D55CD-0440-4941-841E-C2627DDBCFA2}.Release|Any CPU.Build.0 = Release|Any CPU
	EndGlobalSection
	GlobalSection(SolutionProperties) = preSolution
		HideSolutionNode = FALSE
	EndGlobalSection
	GlobalSection(ExtensibilityGlobals) = postSolution
		SolutionGuid = {30BE0C00-E261-4C01-B015-A1872DF6745D}
	EndGlobalSection
EndGlobal
